
Microsoft Visual Studio Solution File, Format Version 12.00
# Visual Studio Version 17
VisualStudioVersion = 17.14.36221.1
MinimumVisualStudioVersion = 10.0.40219.1
Project("{FAE04EC0-301F-11D3-BF4B-00C04F79EFBC}") = "CalcLibrary", "..\..\..\..\..\..\..\source\repos\CalcLibrary\CalcLibrary\CalcLibrary.csproj", "{1E01B722-533D-4B32-A50F-D9E906FCDF75}"
EndProject
Project("{FAE04EC0-301F-11D3-BF4B-00C04F79EFBC}") = "CalcLibraryTests", "..\..\..\..\..\..\..\source\repos\CalcLibrary\CalcLibraryTests\CalcLibraryTests.csproj", "{A18CB7E0-2955-44A6-8219-C7348EAC0E06}"
EndProject
Global
	GlobalSection(SolutionConfigurationPlatforms) = preSolution
		Debug|Any CPU = Debug|Any CPU
		Release|Any CPU = Release|Any CPU
	EndGlobalSection
	GlobalSection(ProjectConfigurationPlatforms) = postSolution
		{1E01B722-533D-4B32-A50F-D9E906FCDF75}.Debug|Any CPU.ActiveCfg = Debug|Any CPU
		{1E01B722-533D-4B32-A50F-D9E906FCDF75}.Debug|Any CPU.Build.0 = Debug|Any CPU
		{1E01B722-533D-4B32-A50F-D9E906FCDF75}.Release|Any CPU.ActiveCfg = Release|Any CPU
		{1E01B722-533D-4B32-A50F-D9E906FCDF75}.Release|Any CPU.Build.0 = Release|Any CPU
		{A18CB7E0-2955-44A6-8219-C7348EAC0E06}.Debug|Any CPU.ActiveCfg = Debug|Any CPU
		{A18CB7E0-2955-44A6-8219-C7348EAC0E06}.Debug|Any CPU.Build.0 = Debug|Any CPU
		{A18CB7E0-2955-44A6-8219-C7348EAC0E06}.Release|Any CPU.ActiveCfg = Release|Any CPU
		{A18CB7E0-2955-44A6-8219-C7348EAC0E06}.Release|Any CPU.Build.0 = Release|Any CPU
	EndGlobalSection
	GlobalSection(SolutionProperties) = preSolution
		HideSolutionNode = FALSE
	EndGlobalSection
	GlobalSection(ExtensibilityGlobals) = postSolution
		SolutionGuid = {81769E1B-3B70-4325-8C22-988EF210FE89}
	EndGlobalSection
EndGlobal
